
Microsoft Visual Studio Solution File, Format Version 12.00
# Visual Studio Version 17
VisualStudioVersion = 17.0.31903.59
MinimumVisualStudioVersion = 10.0.40219.1
Project("{FAE04EC0-301F-11D3-BF4B-00C04F79EFBC}") = "ERP.API", "ERP.API\ERP.API.csproj", "{C168F9E8-4AB5-473F-AB9E-04931D067635}"
EndProject
Project("{2150E333-8FDC-42A3-9474-1A3956D46DE8}") = "SharedKernel", "SharedKernel", "{E5E3DED4-833C-8448-2882-5E2DD65C4ABF}"
EndProject
Project("{FAE04EC0-301F-11D3-BF4B-00C04F79EFBC}") = "ERPSys.SharedKernel", "SharedKernel\ERPSys.SharedKernel\ERPSys.SharedKernel.csproj", "{9301BB54-5E39-44DF-9D28-52EC528037C7}"
EndProject
Project("{2150E333-8FDC-42A3-9474-1A3956D46DE8}") = "Modules", "Modules", "{CA253913-39DE-BFD0-C9A3-4B7EC6FBDF17}"
EndProject
Project("{2150E333-8FDC-42A3-9474-1A3956D46DE8}") = "HR", "HR", "{E0F9B259-925F-CE95-B0D5-47162AC9E5EA}"
EndProject
Project("{FAE04EC0-301F-11D3-BF4B-00C04F79EFBC}") = "HR.Domain", "Modules\HR\HR.Domain\HR.Domain.csproj", "{1244959F-A918-4088-A1CD-25C68A8C1199}"
EndProject
Project("{FAE04EC0-301F-11D3-BF4B-00C04F79EFBC}") = "HR.Application", "Modules\HR\HR.Application\HR.Application.csproj", "{CE5C205B-16D4-4634-B5CF-51EA1E7984F2}"
EndProject
Project("{FAE04EC0-301F-11D3-BF4B-00C04F79EFBC}") = "HR.Infrastructure", "Modules\HR\HR.Infrastructure\HR.Infrastructure.csproj", "{AE1C4BF6-B210-4453-98BA-A698C72FC4CA}"
EndProject
Project("{2150E333-8FDC-42A3-9474-1A3956D46DE8}") = "Users", "Users", "{6E738700-F19F-83EF-9B5F-3C8900D73B86}"
EndProject
Project("{FAE04EC0-301F-11D3-BF4B-00C04F79EFBC}") = "Users.Domain", "Modules\Users\Users.Domain\Users.Domain.csproj", "{5079EDD9-968C-4EB8-A5A3-006FF0CD2126}"
EndProject
Project("{FAE04EC0-301F-11D3-BF4B-00C04F79EFBC}") = "Users.Application", "Modules\Users\Users.Application\Users.Application.csproj", "{140EC82D-625A-4414-BE5B-A42FE80315E6}"
EndProject
Project("{FAE04EC0-301F-11D3-BF4B-00C04F79EFBC}") = "Users.Infrastructure", "Modules\Users\Users.Infrastructure\Users.Infrastructure.csproj", "{A5E63A54-0355-4FB8-BDFC-135681E343D0}"
EndProject
Project("{2150E333-8FDC-42A3-9474-1A3956D46DE8}") = "CRM", "CRM", "{74A88F64-4FE5-4D93-6FC0-D1D799FA3323}"
EndProject
Project("{FAE04EC0-301F-11D3-BF4B-00C04F79EFBC}") = "CRM.Domain", "Modules\CRM\CRM.Domain\CRM.Domain.csproj", "{8A83DE30-559E-458B-AEC6-94ED1AE56C16}"
EndProject
Project("{FAE04EC0-301F-11D3-BF4B-00C04F79EFBC}") = "CRM.Application", "Modules\CRM\CRM.Application\CRM.Application.csproj", "{3B1E2E5A-C4CA-433B-B95C-E5576D60E86E}"
EndProject
Project("{FAE04EC0-301F-11D3-BF4B-00C04F79EFBC}") = "CRM.Infrastructure", "Modules\CRM\CRM.Infrastructure\CRM.Infrastructure.csproj", "{23BD1F5B-3D33-45C5-A76D-47B51AFE3EE1}"
EndProject
Project("{2150E333-8FDC-42A3-9474-1A3956D46DE8}") = "Finance", "Finance", "{0FD22AAC-ECEF-4C47-EEB9-72E8245E02C2}"
EndProject
Project("{FAE04EC0-301F-11D3-BF4B-00C04F79EFBC}") = "Finance.Domain", "Modules\Finance\Finance.Domain\Finance.Domain.csproj", "{2A08C2AE-84EB-44F4-8A43-0958637A3CA8}"
EndProject
Project("{FAE04EC0-301F-11D3-BF4B-00C04F79EFBC}") = "Finance.Application", "Modules\Finance\Finance.Application\Finance.Application.csproj", "{A1010B95-1F2A-4E2E-920D-CDAE3AC623F1}"
EndProject
Project("{FAE04EC0-301F-11D3-BF4B-00C04F79EFBC}") = "Finance.Infrastructure", "Modules\Finance\Finance.Infrastructure\Finance.Infrastructure.csproj", "{F9181E40-C0CF-4442-8CF8-CAAC87BED3AD}"
EndProject
Project("{2150E333-8FDC-42A3-9474-1A3956D46DE8}") = "Logging", "Logging", "{135F97CE-73A1-296C-68D7-FD4DE84650EF}"
EndProject
Project("{FAE04EC0-301F-11D3-BF4B-00C04F79EFBC}") = "Logging.Domain", "Modules\Logging\Logging.Domain\Logging.Domain.csproj", "{7648199F-71CA-4F4C-B92A-3751B1BC0F9A}"
EndProject
Project("{FAE04EC0-301F-11D3-BF4B-00C04F79EFBC}") = "Logging.Application", "Modules\Logging\Logging.Application\Logging.Application.csproj", "{2C0D5E78-6180-415B-B44C-D885EC7B0F52}"
EndProject
Project("{FAE04EC0-301F-11D3-BF4B-00C04F79EFBC}") = "Logging.Infrastructure", "Modules\Logging\Logging.Infrastructure\Logging.Infrastructure.csproj", "{9D8796A3-D66B-4BAD-85EB-B35E0DB953E0}"
EndProject
Project("{2150E333-8FDC-42A3-9474-1A3956D46DE8}") = "Tests", "Tests", "{0AB3BF05-4346-4AA6-1389-037BE0695223}"
EndProject
Project("{FAE04EC0-301F-11D3-BF4B-00C04F79EFBC}") = "HR.Tests", "Tests\HR.Tests\HR.Tests.csproj", "{7CB64E81-D9AC-48C5-A97E-6553D6F82AE9}"
EndProject
Project("{FAE04EC0-301F-11D3-BF4B-00C04F79EFBC}") = "Users.Tests", "Tests\Users.Tests\Users.Tests.csproj", "{F61C556D-8366-4D01-9F4F-1FEE2B67EFAD}"
EndProject
Project("{FAE04EC0-301F-11D3-BF4B-00C04F79EFBC}") = "CRM.Tests", "Tests\CRM.Tests\CRM.Tests.csproj", "{2FF128C5-71ED-4FDA-B521-398BD1F89D89}"
EndProject
Project("{FAE04EC0-301F-11D3-BF4B-00C04F79EFBC}") = "Finance.Tests", "Tests\Finance.Tests\Finance.Tests.csproj", "{AB21A82B-4E5F-4F7E-8332-574996ADA217}"
EndProject
Project("{FAE04EC0-301F-11D3-BF4B-00C04F79EFBC}") = "Logging.Tests", "Tests\Logging.Tests\Logging.Tests.csproj", "{539B871C-8D5C-4D30-B75A-D23AB7920CA0}"
EndProject
Project("{FAE04EC0-301F-11D3-BF4B-00C04F79EFBC}") = "Integration.Tests", "Tests\Integration.Tests\Integration.Tests.csproj", "{5A831A15-6734-4350-9912-8029A4B488EC}"
EndProject
Project("{FAE04EC0-301F-11D3-BF4B-00C04F79EFBC}") = "Users.Presentation", "Users.Presentation\Users.Presentation.csproj", "{656D8410-9A6C-4BFB-BA32-9E470FBD117B}"
EndProject
Project("{FAE04EC0-301F-11D3-BF4B-00C04F79EFBC}") = "HR.Presentation", "HR.Presentation\HR.Presentation.csproj", "{1E8D4AC7-7348-47F2-9DE2-612B22E4D65D}"
EndProject
Project("{FAE04EC0-301F-11D3-BF4B-00C04F79EFBC}") = "Finance.Presentation", "Finance.Presentation\Finance.Presentation.csproj", "{97F2292C-53B1-4DA4-96B3-03161AAC97EC}"
EndProject
Global
	GlobalSection(SolutionConfigurationPlatforms) = preSolution
		Debug|Any CPU = Debug|Any CPU
		Debug|x64 = Debug|x64
		Debug|x86 = Debug|x86
		Release|Any CPU = Release|Any CPU
		Release|x64 = Release|x64
		Release|x86 = Release|x86
	EndGlobalSection
	GlobalSection(ProjectConfigurationPlatforms) = postSolution
		{C168F9E8-4AB5-473F-AB9E-04931D067635}.Debug|Any CPU.ActiveCfg = Debug|Any CPU
		{C168F9E8-4AB5-473F-AB9E-04931D067635}.Debug|Any CPU.Build.0 = Debug|Any CPU
		{C168F9E8-4AB5-473F-AB9E-04931D067635}.Debug|x64.ActiveCfg = Debug|Any CPU
		{C168F9E8-4AB5-473F-AB9E-04931D067635}.Debug|x64.Build.0 = Debug|Any CPU
		{C168F9E8-4AB5-473F-AB9E-04931D067635}.Debug|x86.ActiveCfg = Debug|Any CPU
		{C168F9E8-4AB5-473F-AB9E-04931D067635}.Debug|x86.Build.0 = Debug|Any CPU
		{C168F9E8-4AB5-473F-AB9E-04931D067635}.Release|Any CPU.ActiveCfg = Release|Any CPU
		{C168F9E8-4AB5-473F-AB9E-04931D067635}.Release|Any CPU.Build.0 = Release|Any CPU
		{C168F9E8-4AB5-473F-AB9E-04931D067635}.Release|x64.ActiveCfg = Release|Any CPU
		{C168F9E8-4AB5-473F-AB9E-04931D067635}.Release|x64.Build.0 = Release|Any CPU
		{C168F9E8-4AB5-473F-AB9E-04931D067635}.Release|x86.ActiveCfg = Release|Any CPU
		{C168F9E8-4AB5-473F-AB9E-04931D067635}.Release|x86.Build.0 = Release|Any CPU
		{9301BB54-5E39-44DF-9D28-52EC528037C7}.Debug|Any CPU.ActiveCfg = Debug|Any CPU
		{9301BB54-5E39-44DF-9D28-52EC528037C7}.Debug|Any CPU.Build.0 = Debug|Any CPU
		{9301BB54-5E39-44DF-9D28-52EC528037C7}.Debug|x64.ActiveCfg = Debug|Any CPU
		{9301BB54-5E39-44DF-9D28-52EC528037C7}.Debug|x64.Build.0 = Debug|Any CPU
		{9301BB54-5E39-44DF-9D28-52EC528037C7}.Debug|x86.ActiveCfg = Debug|Any CPU
		{9301BB54-5E39-44DF-9D28-52EC528037C7}.Debug|x86.Build.0 = Debug|Any CPU
		{9301BB54-5E39-44DF-9D28-52EC528037C7}.Release|Any CPU.ActiveCfg = Release|Any CPU
		{9301BB54-5E39-44DF-9D28-52EC528037C7}.Release|Any CPU.Build.0 = Release|Any CPU
		{9301BB54-5E39-44DF-9D28-52EC528037C7}.Release|x64.ActiveCfg = Release|Any CPU
		{9301BB54-5E39-44DF-9D28-52EC528037C7}.Release|x64.Build.0 = Release|Any CPU
		{9301BB54-5E39-44DF-9D28-52EC528037C7}.Release|x86.ActiveCfg = Release|Any CPU
		{9301BB54-5E39-44DF-9D28-52EC528037C7}.Release|x86.Build.0 = Release|Any CPU
		{1244959F-A918-4088-A1CD-25C68A8C1199}.Debug|Any CPU.ActiveCfg = Debug|Any CPU
		{1244959F-A918-4088-A1CD-25C68A8C1199}.Debug|Any CPU.Build.0 = Debug|Any CPU
		{1244959F-A918-4088-A1CD-25C68A8C1199}.Debug|x64.ActiveCfg = Debug|Any CPU
		{1244959F-A918-4088-A1CD-25C68A8C1199}.Debug|x64.Build.0 = Debug|Any CPU
		{1244959F-A918-4088-A1CD-25C68A8C1199}.Debug|x86.ActiveCfg = Debug|Any CPU
		{1244959F-A918-4088-A1CD-25C68A8C1199}.Debug|x86.Build.0 = Debug|Any CPU
		{1244959F-A918-4088-A1CD-25C68A8C1199}.Release|Any CPU.ActiveCfg = Release|Any CPU
		{1244959F-A918-4088-A1CD-25C68A8C1199}.Release|Any CPU.Build.0 = Release|Any CPU
		{1244959F-A918-4088-A1CD-25C68A8C1199}.Release|x64.ActiveCfg = Release|Any CPU
		{1244959F-A918-4088-A1CD-25C68A8C1199}.Release|x64.Build.0 = Release|Any CPU
		{1244959F-A918-4088-A1CD-25C68A8C1199}.Release|x86.ActiveCfg = Release|Any CPU
		{1244959F-A918-4088-A1CD-25C68A8C1199}.Release|x86.Build.0 = Release|Any CPU
		{CE5C205B-16D4-4634-B5CF-51EA1E7984F2}.Debug|Any CPU.ActiveCfg = Debug|Any CPU
		{CE5C205B-16D4-4634-B5CF-51EA1E7984F2}.Debug|Any CPU.Build.0 = Debug|Any CPU
		{CE5C205B-16D4-4634-B5CF-51EA1E7984F2}.Debug|x64.ActiveCfg = Debug|Any CPU
		{CE5C205B-16D4-4634-B5CF-51EA1E7984F2}.Debug|x64.Build.0 = Debug|Any CPU
		{CE5C205B-16D4-4634-B5CF-51EA1E7984F2}.Debug|x86.ActiveCfg = Debug|Any CPU
		{CE5C205B-16D4-4634-B5CF-51EA1E7984F2}.Debug|x86.Build.0 = Debug|Any CPU
		{CE5C205B-16D4-4634-B5CF-51EA1E7984F2}.Release|Any CPU.ActiveCfg = Release|Any CPU
		{CE5C205B-16D4-4634-B5CF-51EA1E7984F2}.Release|Any CPU.Build.0 = Release|Any CPU
		{CE5C205B-16D4-4634-B5CF-51EA1E7984F2}.Release|x64.ActiveCfg = Release|Any CPU
		{CE5C205B-16D4-4634-B5CF-51EA1E7984F2}.Release|x64.Build.0 = Release|Any CPU
		{CE5C205B-16D4-4634-B5CF-51EA1E7984F2}.Release|x86.ActiveCfg = Release|Any CPU
		{CE5C205B-16D4-4634-B5CF-51EA1E7984F2}.Release|x86.Build.0 = Release|Any CPU
		{AE1C4BF6-B210-4453-98BA-A698C72FC4CA}.Debug|Any CPU.ActiveCfg = Debug|Any CPU
		{AE1C4BF6-B210-4453-98BA-A698C72FC4CA}.Debug|Any CPU.Build.0 = Debug|Any CPU
		{AE1C4BF6-B210-4453-98BA-A698C72FC4CA}.Debug|x64.ActiveCfg = Debug|Any CPU
		{AE1C4BF6-B210-4453-98BA-A698C72FC4CA}.Debug|x64.Build.0 = Debug|Any CPU
		{AE1C4BF6-B210-4453-98BA-A698C72FC4CA}.Debug|x86.ActiveCfg = Debug|Any CPU
		{AE1C4BF6-B210-4453-98BA-A698C72FC4CA}.Debug|x86.Build.0 = Debug|Any CPU
		{AE1C4BF6-B210-4453-98BA-A698C72FC4CA}.Release|Any CPU.ActiveCfg = Release|Any CPU
		{AE1C4BF6-B210-4453-98BA-A698C72FC4CA}.Release|Any CPU.Build.0 = Release|Any CPU
		{AE1C4BF6-B210-4453-98BA-A698C72FC4CA}.Release|x64.ActiveCfg = Release|Any CPU
		{AE1C4BF6-B210-4453-98BA-A698C72FC4CA}.Release|x64.Build.0 = Release|Any CPU
		{AE1C4BF6-B210-4453-98BA-A698C72FC4CA}.Release|x86.ActiveCfg = Release|Any CPU
		{AE1C4BF6-B210-4453-98BA-A698C72FC4CA}.Release|x86.Build.0 = Release|Any CPU
		{5079EDD9-968C-4EB8-A5A3-006FF0CD2126}.Debug|Any CPU.ActiveCfg = Debug|Any CPU
		{5079EDD9-968C-4EB8-A5A3-006FF0CD2126}.Debug|Any CPU.Build.0 = Debug|Any CPU
		{5079EDD9-968C-4EB8-A5A3-006FF0CD2126}.Debug|x64.ActiveCfg = Debug|Any CPU
		{5079EDD9-968C-4EB8-A5A3-006FF0CD2126}.Debug|x64.Build.0 = Debug|Any CPU
		{5079EDD9-968C-4EB8-A5A3-006FF0CD2126}.Debug|x86.ActiveCfg = Debug|Any CPU
		{5079EDD9-968C-4EB8-A5A3-006FF0CD2126}.Debug|x86.Build.0 = Debug|Any CPU
		{5079EDD9-968C-4EB8-A5A3-006FF0CD2126}.Release|Any CPU.ActiveCfg = Release|Any CPU
		{5079EDD9-968C-4EB8-A5A3-006FF0CD2126}.Release|Any CPU.Build.0 = Release|Any CPU
		{5079EDD9-968C-4EB8-A5A3-006FF0CD2126}.Release|x64.ActiveCfg = Release|Any CPU
		{5079EDD9-968C-4EB8-A5A3-006FF0CD2126}.Release|x64.Build.0 = Release|Any CPU
		{5079EDD9-968C-4EB8-A5A3-006FF0CD2126}.Release|x86.ActiveCfg = Release|Any CPU
		{5079EDD9-968C-4EB8-A5A3-006FF0CD2126}.Release|x86.Build.0 = Release|Any CPU
		{140EC82D-625A-4414-BE5B-A42FE80315E6}.Debug|Any CPU.ActiveCfg = Debug|Any CPU
		{140EC82D-625A-4414-BE5B-A42FE80315E6}.Debug|Any CPU.Build.0 = Debug|Any CPU
		{140EC82D-625A-4414-BE5B-A42FE80315E6}.Debug|x64.ActiveCfg = Debug|Any CPU
		{140EC82D-625A-4414-BE5B-A42FE80315E6}.Debug|x64.Build.0 = Debug|Any CPU
		{140EC82D-625A-4414-BE5B-A42FE80315E6}.Debug|x86.ActiveCfg = Debug|Any CPU
		{140EC82D-625A-4414-BE5B-A42FE80315E6}.Debug|x86.Build.0 = Debug|Any CPU
		{140EC82D-625A-4414-BE5B-A42FE80315E6}.Release|Any CPU.ActiveCfg = Release|Any CPU
		{140EC82D-625A-4414-BE5B-A42FE80315E6}.Release|Any CPU.Build.0 = Release|Any CPU
		{140EC82D-625A-4414-BE5B-A42FE80315E6}.Release|x64.ActiveCfg = Release|Any CPU
		{140EC82D-625A-4414-BE5B-A42FE80315E6}.Release|x64.Build.0 = Release|Any CPU
		{140EC82D-625A-4414-BE5B-A42FE80315E6}.Release|x86.ActiveCfg = Release|Any CPU
		{140EC82D-625A-4414-BE5B-A42FE80315E6}.Release|x86.Build.0 = Release|Any CPU
		{A5E63A54-0355-4FB8-BDFC-135681E343D0}.Debug|Any CPU.ActiveCfg = Debug|Any CPU
		{A5E63A54-0355-4FB8-BDFC-135681E343D0}.Debug|Any CPU.Build.0 = Debug|Any CPU
		{A5E63A54-0355-4FB8-BDFC-135681E343D0}.Debug|x64.ActiveCfg = Debug|Any CPU
		{A5E63A54-0355-4FB8-BDFC-135681E343D0}.Debug|x64.Build.0 = Debug|Any CPU
		{A5E63A54-0355-4FB8-BDFC-135681E343D0}.Debug|x86.ActiveCfg = Debug|Any CPU
		{A5E63A54-0355-4FB8-BDFC-135681E343D0}.Debug|x86.Build.0 = Debug|Any CPU
		{A5E63A54-0355-4FB8-BDFC-135681E343D0}.Release|Any CPU.ActiveCfg = Release|Any CPU
		{A5E63A54-0355-4FB8-BDFC-135681E343D0}.Release|Any CPU.Build.0 = Release|Any CPU
		{A5E63A54-0355-4FB8-BDFC-135681E343D0}.Release|x64.ActiveCfg = Release|Any CPU
		{A5E63A54-0355-4FB8-BDFC-135681E343D0}.Release|x64.Build.0 = Release|Any CPU
		{A5E63A54-0355-4FB8-BDFC-135681E343D0}.Release|x86.ActiveCfg = Release|Any CPU
		{A5E63A54-0355-4FB8-BDFC-135681E343D0}.Release|x86.Build.0 = Release|Any CPU
		{8A83DE30-559E-458B-AEC6-94ED1AE56C16}.Debug|Any CPU.ActiveCfg = Debug|Any CPU
		{8A83DE30-559E-458B-AEC6-94ED1AE56C16}.Debug|Any CPU.Build.0 = Debug|Any CPU
		{8A83DE30-559E-458B-AEC6-94ED1AE56C16}.Debug|x64.ActiveCfg = Debug|Any CPU
		{8A83DE30-559E-458B-AEC6-94ED1AE56C16}.Debug|x64.Build.0 = Debug|Any CPU
		{8A83DE30-559E-458B-AEC6-94ED1AE56C16}.Debug|x86.ActiveCfg = Debug|Any CPU
		{8A83DE30-559E-458B-AEC6-94ED1AE56C16}.Debug|x86.Build.0 = Debug|Any CPU
		{8A83DE30-559E-458B-AEC6-94ED1AE56C16}.Release|Any CPU.ActiveCfg = Release|Any CPU
		{8A83DE30-559E-458B-AEC6-94ED1AE56C16}.Release|Any CPU.Build.0 = Release|Any CPU
		{8A83DE30-559E-458B-AEC6-94ED1AE56C16}.Release|x64.ActiveCfg = Release|Any CPU
		{8A83DE30-559E-458B-AEC6-94ED1AE56C16}.Release|x64.Build.0 = Release|Any CPU
		{8A83DE30-559E-458B-AEC6-94ED1AE56C16}.Release|x86.ActiveCfg = Release|Any CPU
		{8A83DE30-559E-458B-AEC6-94ED1AE56C16}.Release|x86.Build.0 = Release|Any CPU
		{3B1E2E5A-C4CA-433B-B95C-E5576D60E86E}.Debug|Any CPU.ActiveCfg = Debug|Any CPU
		{3B1E2E5A-C4CA-433B-B95C-E5576D60E86E}.Debug|Any CPU.Build.0 = Debug|Any CPU
		{3B1E2E5A-C4CA-433B-B95C-E5576D60E86E}.Debug|x64.ActiveCfg = Debug|Any CPU
		{3B1E2E5A-C4CA-433B-B95C-E5576D60E86E}.Debug|x64.Build.0 = Debug|Any CPU
		{3B1E2E5A-C4CA-433B-B95C-E5576D60E86E}.Debug|x86.ActiveCfg = Debug|Any CPU
		{3B1E2E5A-C4CA-433B-B95C-E5576D60E86E}.Debug|x86.Build.0 = Debug|Any CPU
		{3B1E2E5A-C4CA-433B-B95C-E5576D60E86E}.Release|Any CPU.ActiveCfg = Release|Any CPU
		{3B1E2E5A-C4CA-433B-B95C-E5576D60E86E}.Release|Any CPU.Build.0 = Release|Any CPU
		{3B1E2E5A-C4CA-433B-B95C-E5576D60E86E}.Release|x64.ActiveCfg = Release|Any CPU
		{3B1E2E5A-C4CA-433B-B95C-E5576D60E86E}.Release|x64.Build.0 = Release|Any CPU
		{3B1E2E5A-C4CA-433B-B95C-E5576D60E86E}.Release|x86.ActiveCfg = Release|Any CPU
		{3B1E2E5A-C4CA-433B-B95C-E5576D60E86E}.Release|x86.Build.0 = Release|Any CPU
		{23BD1F5B-3D33-45C5-A76D-47B51AFE3EE1}.Debug|Any CPU.ActiveCfg = Debug|Any CPU
		{23BD1F5B-3D33-45C5-A76D-47B51AFE3EE1}.Debug|Any CPU.Build.0 = Debug|Any CPU
		{23BD1F5B-3D33-45C5-A76D-47B51AFE3EE1}.Debug|x64.ActiveCfg = Debug|Any CPU
		{23BD1F5B-3D33-45C5-A76D-47B51AFE3EE1}.Debug|x64.Build.0 = Debug|Any CPU
		{23BD1F5B-3D33-45C5-A76D-47B51AFE3EE1}.Debug|x86.ActiveCfg = Debug|Any CPU
		{23BD1F5B-3D33-45C5-A76D-47B51AFE3EE1}.Debug|x86.Build.0 = Debug|Any CPU
		{23BD1F5B-3D33-45C5-A76D-47B51AFE3EE1}.Release|Any CPU.ActiveCfg = Release|Any CPU
		{23BD1F5B-3D33-45C5-A76D-47B51AFE3EE1}.Release|Any CPU.Build.0 = Release|Any CPU
		{23BD1F5B-3D33-45C5-A76D-47B51AFE3EE1}.Release|x64.ActiveCfg = Release|Any CPU
		{23BD1F5B-3D33-45C5-A76D-47B51AFE3EE1}.Release|x64.Build.0 = Release|Any CPU
		{23BD1F5B-3D33-45C5-A76D-47B51AFE3EE1}.Release|x86.ActiveCfg = Release|Any CPU
		{23BD1F5B-3D33-45C5-A76D-47B51AFE3EE1}.Release|x86.Build.0 = Release|Any CPU
		{2A08C2AE-84EB-44F4-8A43-0958637A3CA8}.Debug|Any CPU.ActiveCfg = Debug|Any CPU
		{2A08C2AE-84EB-44F4-8A43-0958637A3CA8}.Debug|Any CPU.Build.0 = Debug|Any CPU
		{2A08C2AE-84EB-44F4-8A43-0958637A3CA8}.Debug|x64.ActiveCfg = Debug|Any CPU
		{2A08C2AE-84EB-44F4-8A43-0958637A3CA8}.Debug|x64.Build.0 = Debug|Any CPU
		{2A08C2AE-84EB-44F4-8A43-0958637A3CA8}.Debug|x86.ActiveCfg = Debug|Any CPU
		{2A08C2AE-84EB-44F4-8A43-0958637A3CA8}.Debug|x86.Build.0 = Debug|Any CPU
		{2A08C2AE-84EB-44F4-8A43-0958637A3CA8}.Release|Any CPU.ActiveCfg = Release|Any CPU
		{2A08C2AE-84EB-44F4-8A43-0958637A3CA8}.Release|Any CPU.Build.0 = Release|Any CPU
		{2A08C2AE-84EB-44F4-8A43-0958637A3CA8}.Release|x64.ActiveCfg = Release|Any CPU
		{2A08C2AE-84EB-44F4-8A43-0958637A3CA8}.Release|x64.Build.0 = Release|Any CPU
		{2A08C2AE-84EB-44F4-8A43-0958637A3CA8}.Release|x86.ActiveCfg = Release|Any CPU
		{2A08C2AE-84EB-44F4-8A43-0958637A3CA8}.Release|x86.Build.0 = Release|Any CPU
		{A1010B95-1F2A-4E2E-920D-CDAE3AC623F1}.Debug|Any CPU.ActiveCfg = Debug|Any CPU
		{A1010B95-1F2A-4E2E-920D-CDAE3AC623F1}.Debug|Any CPU.Build.0 = Debug|Any CPU
		{A1010B95-1F2A-4E2E-920D-CDAE3AC623F1}.Debug|x64.ActiveCfg = Debug|Any CPU
		{A1010B95-1F2A-4E2E-920D-CDAE3AC623F1}.Debug|x64.Build.0 = Debug|Any CPU
		{A1010B95-1F2A-4E2E-920D-CDAE3AC623F1}.Debug|x86.ActiveCfg = Debug|Any CPU
		{A1010B95-1F2A-4E2E-920D-CDAE3AC623F1}.Debug|x86.Build.0 = Debug|Any CPU
		{A1010B95-1F2A-4E2E-920D-CDAE3AC623F1}.Release|Any CPU.ActiveCfg = Release|Any CPU
		{A1010B95-1F2A-4E2E-920D-CDAE3AC623F1}.Release|Any CPU.Build.0 = Release|Any CPU
		{A1010B95-1F2A-4E2E-920D-CDAE3AC623F1}.Release|x64.ActiveCfg = Release|Any CPU
		{A1010B95-1F2A-4E2E-920D-CDAE3AC623F1}.Release|x64.Build.0 = Release|Any CPU
		{A1010B95-1F2A-4E2E-920D-CDAE3AC623F1}.Release|x86.ActiveCfg = Release|Any CPU
		{A1010B95-1F2A-4E2E-920D-CDAE3AC623F1}.Release|x86.Build.0 = Release|Any CPU
		{F9181E40-C0CF-4442-8CF8-CAAC87BED3AD}.Debug|Any CPU.ActiveCfg = Debug|Any CPU
		{F9181E40-C0CF-4442-8CF8-CAAC87BED3AD}.Debug|Any CPU.Build.0 = Debug|Any CPU
		{F9181E40-C0CF-4442-8CF8-CAAC87BED3AD}.Debug|x64.ActiveCfg = Debug|Any CPU
		{F9181E40-C0CF-4442-8CF8-CAAC87BED3AD}.Debug|x64.Build.0 = Debug|Any CPU
		{F9181E40-C0CF-4442-8CF8-CAAC87BED3AD}.Debug|x86.ActiveCfg = Debug|Any CPU
		{F9181E40-C0CF-4442-8CF8-CAAC87BED3AD}.Debug|x86.Build.0 = Debug|Any CPU
		{F9181E40-C0CF-4442-8CF8-CAAC87BED3AD}.Release|Any CPU.ActiveCfg = Release|Any CPU
		{F9181E40-C0CF-4442-8CF8-CAAC87BED3AD}.Release|Any CPU.Build.0 = Release|Any CPU
		{F9181E40-C0CF-4442-8CF8-CAAC87BED3AD}.Release|x64.ActiveCfg = Release|Any CPU
		{F9181E40-C0CF-4442-8CF8-CAAC87BED3AD}.Release|x64.Build.0 = Release|Any CPU
		{F9181E40-C0CF-4442-8CF8-CAAC87BED3AD}.Release|x86.ActiveCfg = Release|Any CPU
		{F9181E40-C0CF-4442-8CF8-CAAC87BED3AD}.Release|x86.Build.0 = Release|Any CPU
		{7648199F-71CA-4F4C-B92A-3751B1BC0F9A}.Debug|Any CPU.ActiveCfg = Debug|Any CPU
		{7648199F-71CA-4F4C-B92A-3751B1BC0F9A}.Debug|Any CPU.Build.0 = Debug|Any CPU
		{7648199F-71CA-4F4C-B92A-3751B1BC0F9A}.Debug|x64.ActiveCfg = Debug|Any CPU
		{7648199F-71CA-4F4C-B92A-3751B1BC0F9A}.Debug|x64.Build.0 = Debug|Any CPU
		{7648199F-71CA-4F4C-B92A-3751B1BC0F9A}.Debug|x86.ActiveCfg = Debug|Any CPU
		{7648199F-71CA-4F4C-B92A-3751B1BC0F9A}.Debug|x86.Build.0 = Debug|Any CPU
		{7648199F-71CA-4F4C-B92A-3751B1BC0F9A}.Release|Any CPU.ActiveCfg = Release|Any CPU
		{7648199F-71CA-4F4C-B92A-3751B1BC0F9A}.Release|Any CPU.Build.0 = Release|Any CPU
		{7648199F-71CA-4F4C-B92A-3751B1BC0F9A}.Release|x64.ActiveCfg = Release|Any CPU
		{7648199F-71CA-4F4C-B92A-3751B1BC0F9A}.Release|x64.Build.0 = Release|Any CPU
		{7648199F-71CA-4F4C-B92A-3751B1BC0F9A}.Release|x86.ActiveCfg = Release|Any CPU
		{7648199F-71CA-4F4C-B92A-3751B1BC0F9A}.Release|x86.Build.0 = Release|Any CPU
		{2C0D5E78-6180-415B-B44C-D885EC7B0F52}.Debug|Any CPU.ActiveCfg = Debug|Any CPU
		{2C0D5E78-6180-415B-B44C-D885EC7B0F52}.Debug|Any CPU.Build.0 = Debug|Any CPU
		{2C0D5E78-6180-415B-B44C-D885EC7B0F52}.Debug|x64.ActiveCfg = Debug|Any CPU
		{2C0D5E78-6180-415B-B44C-D885EC7B0F52}.Debug|x64.Build.0 = Debug|Any CPU
		{2C0D5E78-6180-415B-B44C-D885EC7B0F52}.Debug|x86.ActiveCfg = Debug|Any CPU
		{2C0D5E78-6180-415B-B44C-D885EC7B0F52}.Debug|x86.Build.0 = Debug|Any CPU
		{2C0D5E78-6180-415B-B44C-D885EC7B0F52}.Release|Any CPU.ActiveCfg = Release|Any CPU
		{2C0D5E78-6180-415B-B44C-D885EC7B0F52}.Release|Any CPU.Build.0 = Release|Any CPU
		{2C0D5E78-6180-415B-B44C-D885EC7B0F52}.Release|x64.ActiveCfg = Release|Any CPU
		{2C0D5E78-6180-415B-B44C-D885EC7B0F52}.Release|x64.Build.0 = Release|Any CPU
		{2C0D5E78-6180-415B-B44C-D885EC7B0F52}.Release|x86.ActiveCfg = Release|Any CPU
		{2C0D5E78-6180-415B-B44C-D885EC7B0F52}.Release|x86.Build.0 = Release|Any CPU
		{9D8796A3-D66B-4BAD-85EB-B35E0DB953E0}.Debug|Any CPU.ActiveCfg = Debug|Any CPU
		{9D8796A3-D66B-4BAD-85EB-B35E0DB953E0}.Debug|Any CPU.Build.0 = Debug|Any CPU
		{9D8796A3-D66B-4BAD-85EB-B35E0DB953E0}.Debug|x64.ActiveCfg = Debug|Any CPU
		{9D8796A3-D66B-4BAD-85EB-B35E0DB953E0}.Debug|x64.Build.0 = Debug|Any CPU
		{9D8796A3-D66B-4BAD-85EB-B35E0DB953E0}.Debug|x86.ActiveCfg = Debug|Any CPU
		{9D8796A3-D66B-4BAD-85EB-B35E0DB953E0}.Debug|x86.Build.0 = Debug|Any CPU
		{9D8796A3-D66B-4BAD-85EB-B35E0DB953E0}.Release|Any CPU.ActiveCfg = Release|Any CPU
		{9D8796A3-D66B-4BAD-85EB-B35E0DB953E0}.Release|Any CPU.Build.0 = Release|Any CPU
		{9D8796A3-D66B-4BAD-85EB-B35E0DB953E0}.Release|x64.ActiveCfg = Release|Any CPU
		{9D8796A3-D66B-4BAD-85EB-B35E0DB953E0}.Release|x64.Build.0 = Release|Any CPU
		{9D8796A3-D66B-4BAD-85EB-B35E0DB953E0}.Release|x86.ActiveCfg = Release|Any CPU
		{9D8796A3-D66B-4BAD-85EB-B35E0DB953E0}.Release|x86.Build.0 = Release|Any CPU
		{7CB64E81-D9AC-48C5-A97E-6553D6F82AE9}.Debug|Any CPU.ActiveCfg = Debug|Any CPU
		{7CB64E81-D9AC-48C5-A97E-6553D6F82AE9}.Debug|Any CPU.Build.0 = Debug|Any CPU
		{7CB64E81-D9AC-48C5-A97E-6553D6F82AE9}.Debug|x64.ActiveCfg = Debug|Any CPU
		{7CB64E81-D9AC-48C5-A97E-6553D6F82AE9}.Debug|x64.Build.0 = Debug|Any CPU
		{7CB64E81-D9AC-48C5-A97E-6553D6F82AE9}.Debug|x86.ActiveCfg = Debug|Any CPU
		{7CB64E81-D9AC-48C5-A97E-6553D6F82AE9}.Debug|x86.Build.0 = Debug|Any CPU
		{7CB64E81-D9AC-48C5-A97E-6553D6F82AE9}.Release|Any CPU.ActiveCfg = Release|Any CPU
		{7CB64E81-D9AC-48C5-A97E-6553D6F82AE9}.Release|Any CPU.Build.0 = Release|Any CPU
		{7CB64E81-D9AC-48C5-A97E-6553D6F82AE9}.Release|x64.ActiveCfg = Release|Any CPU
		{7CB64E81-D9AC-48C5-A97E-6553D6F82AE9}.Release|x64.Build.0 = Release|Any CPU
		{7CB64E81-D9AC-48C5-A97E-6553D6F82AE9}.Release|x86.ActiveCfg = Release|Any CPU
		{7CB64E81-D9AC-48C5-A97E-6553D6F82AE9}.Release|x86.Build.0 = Release|Any CPU
		{F61C556D-8366-4D01-9F4F-1FEE2B67EFAD}.Debug|Any CPU.ActiveCfg = Debug|Any CPU
		{F61C556D-8366-4D01-9F4F-1FEE2B67EFAD}.Debug|Any CPU.Build.0 = Debug|Any CPU
		{F61C556D-8366-4D01-9F4F-1FEE2B67EFAD}.Debug|x64.ActiveCfg = Debug|Any CPU
		{F61C556D-8366-4D01-9F4F-1FEE2B67EFAD}.Debug|x64.Build.0 = Debug|Any CPU
		{F61C556D-8366-4D01-9F4F-1FEE2B67EFAD}.Debug|x86.ActiveCfg = Debug|Any CPU
		{F61C556D-8366-4D01-9F4F-1FEE2B67EFAD}.Debug|x86.Build.0 = Debug|Any CPU
		{F61C556D-8366-4D01-9F4F-1FEE2B67EFAD}.Release|Any CPU.ActiveCfg = Release|Any CPU
		{F61C556D-8366-4D01-9F4F-1FEE2B67EFAD}.Release|Any CPU.Build.0 = Release|Any CPU
		{F61C556D-8366-4D01-9F4F-1FEE2B67EFAD}.Release|x64.ActiveCfg = Release|Any CPU
		{F61C556D-8366-4D01-9F4F-1FEE2B67EFAD}.Release|x64.Build.0 = Release|Any CPU
		{F61C556D-8366-4D01-9F4F-1FEE2B67EFAD}.Release|x86.ActiveCfg = Release|Any CPU
		{F61C556D-8366-4D01-9F4F-1FEE2B67EFAD}.Release|x86.Build.0 = Release|Any CPU
		{2FF128C5-71ED-4FDA-B521-398BD1F89D89}.Debug|Any CPU.ActiveCfg = Debug|Any CPU
		{2FF128C5-71ED-4FDA-B521-398BD1F89D89}.Debug|Any CPU.Build.0 = Debug|Any CPU
		{2FF128C5-71ED-4FDA-B521-398BD1F89D89}.Debug|x64.ActiveCfg = Debug|Any CPU
		{2FF128C5-71ED-4FDA-B521-398BD1F89D89}.Debug|x64.Build.0 = Debug|Any CPU
		{2FF128C5-71ED-4FDA-B521-398BD1F89D89}.Debug|x86.ActiveCfg = Debug|Any CPU
		{2FF128C5-71ED-4FDA-B521-398BD1F89D89}.Debug|x86.Build.0 = Debug|Any CPU
		{2FF128C5-71ED-4FDA-B521-398BD1F89D89}.Release|Any CPU.ActiveCfg = Release|Any CPU
		{2FF128C5-71ED-4FDA-B521-398BD1F89D89}.Release|Any CPU.Build.0 = Release|Any CPU
		{2FF128C5-71ED-4FDA-B521-398BD1F89D89}.Release|x64.ActiveCfg = Release|Any CPU
		{2FF128C5-71ED-4FDA-B521-398BD1F89D89}.Release|x64.Build.0 = Release|Any CPU
		{2FF128C5-71ED-4FDA-B521-398BD1F89D89}.Release|x86.ActiveCfg = Release|Any CPU
		{2FF128C5-71ED-4FDA-B521-398BD1F89D89}.Release|x86.Build.0 = Release|Any CPU
		{AB21A82B-4E5F-4F7E-8332-574996ADA217}.Debug|Any CPU.ActiveCfg = Debug|Any CPU
		{AB21A82B-4E5F-4F7E-8332-574996ADA217}.Debug|Any CPU.Build.0 = Debug|Any CPU
		{AB21A82B-4E5F-4F7E-8332-574996ADA217}.Debug|x64.ActiveCfg = Debug|Any CPU
		{AB21A82B-4E5F-4F7E-8332-574996ADA217}.Debug|x64.Build.0 = Debug|Any CPU
		{AB21A82B-4E5F-4F7E-8332-574996ADA217}.Debug|x86.ActiveCfg = Debug|Any CPU
		{AB21A82B-4E5F-4F7E-8332-574996ADA217}.Debug|x86.Build.0 = Debug|Any CPU
		{AB21A82B-4E5F-4F7E-8332-574996ADA217}.Release|Any CPU.ActiveCfg = Release|Any CPU
		{AB21A82B-4E5F-4F7E-8332-574996ADA217}.Release|Any CPU.Build.0 = Release|Any CPU
		{AB21A82B-4E5F-4F7E-8332-574996ADA217}.Release|x64.ActiveCfg = Release|Any CPU
		{AB21A82B-4E5F-4F7E-8332-574996ADA217}.Release|x64.Build.0 = Release|Any CPU
		{AB21A82B-4E5F-4F7E-8332-574996ADA217}.Release|x86.ActiveCfg = Release|Any CPU
		{AB21A82B-4E5F-4F7E-8332-574996ADA217}.Release|x86.Build.0 = Release|Any CPU
		{539B871C-8D5C-4D30-B75A-D23AB7920CA0}.Debug|Any CPU.ActiveCfg = Debug|Any CPU
		{539B871C-8D5C-4D30-B75A-D23AB7920CA0}.Debug|Any CPU.Build.0 = Debug|Any CPU
		{539B871C-8D5C-4D30-B75A-D23AB7920CA0}.Debug|x64.ActiveCfg = Debug|Any CPU
		{539B871C-8D5C-4D30-B75A-D23AB7920CA0}.Debug|x64.Build.0 = Debug|Any CPU
		{539B871C-8D5C-4D30-B75A-D23AB7920CA0}.Debug|x86.ActiveCfg = Debug|Any CPU
		{539B871C-8D5C-4D30-B75A-D23AB7920CA0}.Debug|x86.Build.0 = Debug|Any CPU
		{539B871C-8D5C-4D30-B75A-D23AB7920CA0}.Release|Any CPU.ActiveCfg = Release|Any CPU
		{539B871C-8D5C-4D30-B75A-D23AB7920CA0}.Release|Any CPU.Build.0 = Release|Any CPU
		{539B871C-8D5C-4D30-B75A-D23AB7920CA0}.Release|x64.ActiveCfg = Release|Any CPU
		{539B871C-8D5C-4D30-B75A-D23AB7920CA0}.Release|x64.Build.0 = Release|Any CPU
		{539B871C-8D5C-4D30-B75A-D23AB7920CA0}.Release|x86.ActiveCfg = Release|Any CPU
		{539B871C-8D5C-4D30-B75A-D23AB7920CA0}.Release|x86.Build.0 = Release|Any CPU
		{5A831A15-6734-4350-9912-8029A4B488EC}.Debug|Any CPU.ActiveCfg = Debug|Any CPU
		{5A831A15-6734-4350-9912-8029A4B488EC}.Debug|Any CPU.Build.0 = Debug|Any CPU
		{5A831A15-6734-4350-9912-8029A4B488EC}.Debug|x64.ActiveCfg = Debug|Any CPU
		{5A831A15-6734-4350-9912-8029A4B488EC}.Debug|x64.Build.0 = Debug|Any CPU
		{5A831A15-6734-4350-9912-8029A4B488EC}.Debug|x86.ActiveCfg = Debug|Any CPU
		{5A831A15-6734-4350-9912-8029A4B488EC}.Debug|x86.Build.0 = Debug|Any CPU
		{5A831A15-6734-4350-9912-8029A4B488EC}.Release|Any CPU.ActiveCfg = Release|Any CPU
		{5A831A15-6734-4350-9912-8029A4B488EC}.Release|Any CPU.Build.0 = Release|Any CPU
		{5A831A15-6734-4350-9912-8029A4B488EC}.Release|x64.ActiveCfg = Release|Any CPU
		{5A831A15-6734-4350-9912-8029A4B488EC}.Release|x64.Build.0 = Release|Any CPU
		{5A831A15-6734-4350-9912-8029A4B488EC}.Release|x86.ActiveCfg = Release|Any CPU
		{5A831A15-6734-4350-9912-8029A4B488EC}.Release|x86.Build.0 = Release|Any CPU
		{656D8410-9A6C-4BFB-BA32-9E470FBD117B}.Debug|Any CPU.ActiveCfg = Debug|Any CPU
		{656D8410-9A6C-4BFB-BA32-9E470FBD117B}.Debug|Any CPU.Build.0 = Debug|Any CPU
		{656D8410-9A6C-4BFB-BA32-9E470FBD117B}.Debug|x64.ActiveCfg = Debug|Any CPU
		{656D8410-9A6C-4BFB-BA32-9E470FBD117B}.Debug|x64.Build.0 = Debug|Any CPU
		{656D8410-9A6C-4BFB-BA32-9E470FBD117B}.Debug|x86.ActiveCfg = Debug|Any CPU
		{656D8410-9A6C-4BFB-BA32-9E470FBD117B}.Debug|x86.Build.0 = Debug|Any CPU
		{656D8410-9A6C-4BFB-BA32-9E470FBD117B}.Release|Any CPU.ActiveCfg = Release|Any CPU
		{656D8410-9A6C-4BFB-BA32-9E470FBD117B}.Release|Any CPU.Build.0 = Release|Any CPU
		{656D8410-9A6C-4BFB-BA32-9E470FBD117B}.Release|x64.ActiveCfg = Release|Any CPU
		{656D8410-9A6C-4BFB-BA32-9E470FBD117B}.Release|x64.Build.0 = Release|Any CPU
		{656D8410-9A6C-4BFB-BA32-9E470FBD117B}.Release|x86.ActiveCfg = Release|Any CPU
		{656D8410-9A6C-4BFB-BA32-9E470FBD117B}.Release|x86.Build.0 = Release|Any CPU
		{1E8D4AC7-7348-47F2-9DE2-612B22E4D65D}.Debug|Any CPU.ActiveCfg = Debug|Any CPU
		{1E8D4AC7-7348-47F2-9DE2-612B22E4D65D}.Debug|Any CPU.Build.0 = Debug|Any CPU
		{1E8D4AC7-7348-47F2-9DE2-612B22E4D65D}.Debug|x64.ActiveCfg = Debug|Any CPU
		{1E8D4AC7-7348-47F2-9DE2-612B22E4D65D}.Debug|x64.Build.0 = Debug|Any CPU
		{1E8D4AC7-7348-47F2-9DE2-612B22E4D65D}.Debug|x86.ActiveCfg = Debug|Any CPU
		{1E8D4AC7-7348-47F2-9DE2-612B22E4D65D}.Debug|x86.Build.0 = Debug|Any CPU
		{1E8D4AC7-7348-47F2-9DE2-612B22E4D65D}.Release|Any CPU.ActiveCfg = Release|Any CPU
		{1E8D4AC7-7348-47F2-9DE2-612B22E4D65D}.Release|Any CPU.Build.0 = Release|Any CPU
		{1E8D4AC7-7348-47F2-9DE2-612B22E4D65D}.Release|x64.ActiveCfg = Release|Any CPU
		{1E8D4AC7-7348-47F2-9DE2-612B22E4D65D}.Release|x64.Build.0 = Release|Any CPU
		{1E8D4AC7-7348-47F2-9DE2-612B22E4D65D}.Release|x86.ActiveCfg = Release|Any CPU
		{1E8D4AC7-7348-47F2-9DE2-612B22E4D65D}.Release|x86.Build.0 = Release|Any CPU
		{97F2292C-53B1-4DA4-96B3-03161AAC97EC}.Debug|Any CPU.ActiveCfg = Debug|Any CPU
		{97F2292C-53B1-4DA4-96B3-03161AAC97EC}.Debug|Any CPU.Build.0 = Debug|Any CPU
		{97F2292C-53B1-4DA4-96B3-03161AAC97EC}.Debug|x64.ActiveCfg = Debug|Any CPU
		{97F2292C-53B1-4DA4-96B3-03161AAC97EC}.Debug|x64.Build.0 = Debug|Any CPU
		{97F2292C-53B1-4DA4-96B3-03161AAC97EC}.Debug|x86.ActiveCfg = Debug|Any CPU
		{97F2292C-53B1-4DA4-96B3-03161AAC97EC}.Debug|x86.Build.0 = Debug|Any CPU
		{97F2292C-53B1-4DA4-96B3-03161AAC97EC}.Release|Any CPU.ActiveCfg = Release|Any CPU
		{97F2292C-53B1-4DA4-96B3-03161AAC97EC}.Release|Any CPU.Build.0 = Release|Any CPU
		{97F2292C-53B1-4DA4-96B3-03161AAC97EC}.Release|x64.ActiveCfg = Release|Any CPU
		{97F2292C-53B1-4DA4-96B3-03161AAC97EC}.Release|x64.Build.0 = Release|Any CPU
		{97F2292C-53B1-4DA4-96B3-03161AAC97EC}.Release|x86.ActiveCfg = Release|Any CPU
		{97F2292C-53B1-4DA4-96B3-03161AAC97EC}.Release|x86.Build.0 = Release|Any CPU
	EndGlobalSection
	GlobalSection(SolutionProperties) = preSolution
		HideSolutionNode = FALSE
	EndGlobalSection
	GlobalSection(NestedProjects) = preSolution
		{9301BB54-5E39-44DF-9D28-52EC528037C7} = {E5E3DED4-833C-8448-2882-5E2DD65C4ABF}
		{E0F9B259-925F-CE95-B0D5-47162AC9E5EA} = {CA253913-39DE-BFD0-C9A3-4B7EC6FBDF17}
		{1244959F-A918-4088-A1CD-25C68A8C1199} = {E0F9B259-925F-CE95-B0D5-47162AC9E5EA}
		{CE5C205B-16D4-4634-B5CF-51EA1E7984F2} = {E0F9B259-925F-CE95-B0D5-47162AC9E5EA}
		{AE1C4BF6-B210-4453-98BA-A698C72FC4CA} = {E0F9B259-925F-CE95-B0D5-47162AC9E5EA}
		{6E738700-F19F-83EF-9B5F-3C8900D73B86} = {CA253913-39DE-BFD0-C9A3-4B7EC6FBDF17}
		{5079EDD9-968C-4EB8-A5A3-006FF0CD2126} = {6E738700-F19F-83EF-9B5F-3C8900D73B86}
		{140EC82D-625A-4414-BE5B-A42FE80315E6} = {6E738700-F19F-83EF-9B5F-3C8900D73B86}
		{A5E63A54-0355-4FB8-BDFC-135681E343D0} = {6E738700-F19F-83EF-9B5F-3C8900D73B86}
		{74A88F64-4FE5-4D93-6FC0-D1D799FA3323} = {CA253913-39DE-BFD0-C9A3-4B7EC6FBDF17}
		{8A83DE30-559E-458B-AEC6-94ED1AE56C16} = {74A88F64-4FE5-4D93-6FC0-D1D799FA3323}
		{3B1E2E5A-C4CA-433B-B95C-E5576D60E86E} = {74A88F64-4FE5-4D93-6FC0-D1D799FA3323}
		{23BD1F5B-3D33-45C5-A76D-47B51AFE3EE1} = {74A88F64-4FE5-4D93-6FC0-D1D799FA3323}
		{0FD22AAC-ECEF-4C47-EEB9-72E8245E02C2} = {CA253913-39DE-BFD0-C9A3-4B7EC6FBDF17}
		{2A08C2AE-84EB-44F4-8A43-0958637A3CA8} = {0FD22AAC-ECEF-4C47-EEB9-72E8245E02C2}
		{A1010B95-1F2A-4E2E-920D-CDAE3AC623F1} = {0FD22AAC-ECEF-4C47-EEB9-72E8245E02C2}
		{F9181E40-C0CF-4442-8CF8-CAAC87BED3AD} = {0FD22AAC-ECEF-4C47-EEB9-72E8245E02C2}
		{135F97CE-73A1-296C-68D7-FD4DE84650EF} = {CA253913-39DE-BFD0-C9A3-4B7EC6FBDF17}
		{7648199F-71CA-4F4C-B92A-3751B1BC0F9A} = {135F97CE-73A1-296C-68D7-FD4DE84650EF}
		{2C0D5E78-6180-415B-B44C-D885EC7B0F52} = {135F97CE-73A1-296C-68D7-FD4DE84650EF}
		{9D8796A3-D66B-4BAD-85EB-B35E0DB953E0} = {135F97CE-73A1-296C-68D7-FD4DE84650EF}
		{7CB64E81-D9AC-48C5-A97E-6553D6F82AE9} = {0AB3BF05-4346-4AA6-1389-037BE0695223}
		{F61C556D-8366-4D01-9F4F-1FEE2B67EFAD} = {0AB3BF05-4346-4AA6-1389-037BE0695223}
		{2FF128C5-71ED-4FDA-B521-398BD1F89D89} = {0AB3BF05-4346-4AA6-1389-037BE0695223}
		{AB21A82B-4E5F-4F7E-8332-574996ADA217} = {0AB3BF05-4346-4AA6-1389-037BE0695223}
		{539B871C-8D5C-4D30-B75A-D23AB7920CA0} = {0AB3BF05-4346-4AA6-1389-037BE0695223}
		{5A831A15-6734-4350-9912-8029A4B488EC} = {0AB3BF05-4346-4AA6-1389-037BE0695223}
		{656D8410-9A6C-4BFB-BA32-9E470FBD117B} = {6E738700-F19F-83EF-9B5F-3C8900D73B86}
		{1E8D4AC7-7348-47F2-9DE2-612B22E4D65D} = {E0F9B259-925F-CE95-B0D5-47162AC9E5EA}
		{97F2292C-53B1-4DA4-96B3-03161AAC97EC} = {0FD22AAC-ECEF-4C47-EEB9-72E8245E02C2}
	EndGlobalSection
	GlobalSection(ExtensibilityGlobals) = postSolution
		SolutionGuid = {18A757DA-EC20-4B87-9D0A-4D9C7D4CEB8F}
	EndGlobalSection
EndGlobal
